
Microsoft Visual Studio Solution File, Format Version 11.00
# Visual Studio 2010
Project("{FAE04EC0-301F-11D3-BF4B-00C04F79EFBC}") = "Assembly-CSharp", "Assembly-CSharp.csproj", "{AB8F3F28-B069-4D7A-8823-E19A98D4504D}"
EndProject
Global
	GlobalSection(SolutionConfigurationPlatforms) = preSolution
		Debug|Any CPU = Debug|Any CPU
		Release|Any CPU = Release|Any CPU
	EndGlobalSection
	GlobalSection(ProjectConfigurationPlatforms) = postSolution
		{AB8F3F28-B069-4D7A-8823-E19A98D4504D}.Debug|Any CPU.ActiveCfg = Debug|Any CPU
		{AB8F3F28-B069-4D7A-8823-E19A98D4504D}.Debug|Any CPU.Build.0 = Debug|Any CPU
		{AB8F3F28-B069-4D7A-8823-E19A98D4504D}.Release|Any CPU.ActiveCfg = Release|Any CPU
		{AB8F3F28-B069-4D7A-8823-E19A98D4504D}.Release|Any CPU.Build.0 = Release|Any CPU
	EndGlobalSection
	GlobalSection(SolutionProperties) = preSolution
		HideSolutionNode = FALSE
	EndGlobalSection
	GlobalSection(MonoDevelopProperties) = preSolution
		StartupItem = Assembly-CSharp.csproj
	EndGlobalSection
EndGlobal
